
Microsoft Visual Studio Solution File, Format Version 12.00
# Visual Studio Version 16
VisualStudioVersion = 16.0.31005.135
MinimumVisualStudioVersion = 10.0.40219.1
Project("{FAE04EC0-301F-11D3-BF4B-00C04F79EFBC}") = "day3_operators", "day3_operators.csproj", "{94321BE1-BABD-4D1E-91E2-88BE9DDEA2CD}"
EndProject
Global
	GlobalSection(SolutionConfigurationPlatforms) = preSolution
		Debug|Any CPU = Debug|Any CPU
		Release|Any CPU = Release|Any CPU
	EndGlobalSection
	GlobalSection(ProjectConfigurationPlatforms) = postSolution
		{94321BE1-BABD-4D1E-91E2-88BE9DDEA2CD}.Debug|Any CPU.ActiveCfg = Debug|Any CPU
		{94321BE1-BABD-4D1E-91E2-88BE9DDEA2CD}.Debug|Any CPU.Build.0 = Debug|Any CPU
		{94321BE1-BABD-4D1E-91E2-88BE9DDEA2CD}.Release|Any CPU.ActiveCfg = Release|Any CPU
		{94321BE1-BABD-4D1E-91E2-88BE9DDEA2CD}.Release|Any CPU.Build.0 = Release|Any CPU
	EndGlobalSection
	GlobalSection(SolutionProperties) = preSolution
		HideSolutionNode = FALSE
	EndGlobalSection
	GlobalSection(ExtensibilityGlobals) = postSolution
		SolutionGuid = {25893E75-63F2-4A09-B474-44B4505AEBAD}
	EndGlobalSection
EndGlobal
